
Microsoft Visual Studio Solution File, Format Version 12.00
# Visual Studio 15
VisualStudioVersion = 15.0.28307.271
MinimumVisualStudioVersion = 10.0.40219.1
Project("{FAE04EC0-301F-11D3-BF4B-00C04F79EFBC}") = "FizzBuzz", "FizzBuzz\FizzBuzz.csproj", "{113279C9-1CCA-4BD1-9C19-514225F0B839}"
EndProject
Project("{FAE04EC0-301F-11D3-BF4B-00C04F79EFBC}") = "FizzBuzz.Tests", "FizzBuzz.Tests\FizzBuzz.Tests.csproj", "{B2C6C54D-73AD-4FCE-889E-1013C548B047}"
EndProject
Global
	GlobalSection(SolutionConfigurationPlatforms) = preSolution
		Debug|Any CPU = Debug|Any CPU
		Release|Any CPU = Release|Any CPU
	EndGlobalSection
	GlobalSection(ProjectConfigurationPlatforms) = postSolution
		{113279C9-1CCA-4BD1-9C19-514225F0B839}.Debug|Any CPU.ActiveCfg = Debug|Any CPU
		{113279C9-1CCA-4BD1-9C19-514225F0B839}.Debug|Any CPU.Build.0 = Debug|Any CPU
		{113279C9-1CCA-4BD1-9C19-514225F0B839}.Release|Any CPU.ActiveCfg = Release|Any CPU
		{113279C9-1CCA-4BD1-9C19-514225F0B839}.Release|Any CPU.Build.0 = Release|Any CPU
		{B2C6C54D-73AD-4FCE-889E-1013C548B047}.Debug|Any CPU.ActiveCfg = Debug|Any CPU
		{B2C6C54D-73AD-4FCE-889E-1013C548B047}.Debug|Any CPU.Build.0 = Debug|Any CPU
		{B2C6C54D-73AD-4FCE-889E-1013C548B047}.Release|Any CPU.ActiveCfg = Release|Any CPU
		{B2C6C54D-73AD-4FCE-889E-1013C548B047}.Release|Any CPU.Build.0 = Release|Any CPU
	EndGlobalSection
	GlobalSection(SolutionProperties) = preSolution
		HideSolutionNode = FALSE
	EndGlobalSection
	GlobalSection(ExtensibilityGlobals) = postSolution
		SolutionGuid = {92498858-1CE7-4CEE-A0AD-D1DC8E66C6B7}
	EndGlobalSection
EndGlobal
